{
  "version": 4,
  "terraform_version": "1.14.5",
  "serial": 6,
  "lineage": "faa402b8-1707-1185-bf03-eb8d8478d77f",
  "outputs": {},
  "resources": [
    {
      "mode": "managed",
      "type": "local_file",
      "name": "k3d_config",
      "provider": "provider[\"registry.terraform.io/hashicorp/local\"]",
      "instances": [
        {
          "schema_version": 0,
          "attributes": {
            "content": "apiVersion: k3d.io/v1alpha5\nkind: Simple\nmetadata:\n  name: sre-cluster\nservers: 1\nagents: 1 # An extra worker node to simulate a distributed environment\nimage: rancher/k3s:v1.31.5-k3s1\nports:\n  - port: 8080:80\n    nodeFilters:\n      - loadbalancer\n",
            "content_base64": null,
            "content_base64sha256": "g0k05ulP865rVSY0KnULSSkxsYIFwf3tJofmR9Ynves=",
            "content_base64sha512": "10/ru/frVuocQp6lKsP2+Eha23t7FbwfEjmwZel38fNDB/s7Z7DS2/2NpPhj7u2xxI6QaCqSNH6wQ7RKXjXvrg==",
            "content_md5": "65ad163935d49af9ddd0cf485867e170",
            "content_sha1": "878447b3a08e66573caf1c30509874efc91ac18c",
            "content_sha256": "834934e6e94ff3ae6b5526342a750b492931b18205c1fded2687e647d627bdeb",
            "content_sha512": "d74febbbf7eb56ea1c429ea52ac3f6f8485adb7b7b15bc1f1239b065e977f1f34307fb3b67b0d2dbfd8da4f863eeedb1c48e90682a92347eb043b44a5e35efae",
            "directory_permission": "0777",
            "file_permission": "0777",
            "filename": "./k3d-config.yaml",
            "id": "878447b3a08e66573caf1c30509874efc91ac18c",
            "sensitive_content": null,
            "source": null
          },
          "sensitive_attributes": [
            [
              {
                "type": "get_attr",
                "value": "sensitive_content"
              }
            ]
          ],
          "identity_schema_version": 0
        }
      ]
    },
    {
      "mode": "managed",
      "type": "null_resource",
      "name": "k3d_cluster",
      "provider": "provider[\"registry.terraform.io/hashicorp/null\"]",
      "instances": [
        {
          "schema_version": 0,
          "attributes": {
            "id": "2558480424527934127",
            "triggers": null
          },
          "sensitive_attributes": [],
          "identity_schema_version": 0,
          "dependencies": [
            "local_file.k3d_config"
          ]
        }
      ]
    }
  ],
  "check_results": null
}
